// !$*UTF8*$!
{
	archiveVersion = 1;
	classes = {
	};
	objectVersion = 46;
	objects = {

/* Begin PBXBuildFile section */
		062937001D51178F00657927 /* AppDelegate.swift in Sources */ = {isa = PBXBuildFile; fileRef = 062936FF1D51178F00657927 /* AppDelegate.swift */; };
		062937021D51178F00657927 /* FirstViewController.swift in Sources */ = {isa = PBXBuildFile; fileRef = 062937011D51178F00657927 /* FirstViewController.swift */; };
		062937041D51178F00657927 /* SecondViewController.swift in Sources */ = {isa = PBXBuildFile; fileRef = 062937031D51178F00657927 /* SecondViewController.swift */; };
		062937071D51178F00657927 /* Main.storyboard in Resources */ = {isa = PBXBuildFile; fileRef = 062937051D51178F00657927 /* Main.storyboard */; };
		062937091D51178F00657927 /* Assets.xcassets in Resources */ = {isa = PBXBuildFile; fileRef = 062937081D51178F00657927 /* Assets.xcassets */; };
		0629370C1D51178F00657927 /* LaunchScreen.storyboard in Resources */ = {isa = PBXBuildFile; fileRef = 0629370A1D51178F00657927 /* LaunchScreen.storyboard */; };
		062937171D51178F00657927 /* moveezTests.swift in Sources */ = {isa = PBXBuildFile; fileRef = 062937161D51178F00657927 /* moveezTests.swift */; };
		062937221D51178F00657927 /* moveezUITests.swift in Sources */ = {isa = PBXBuildFile; fileRef = 062937211D51178F00657927 /* moveezUITests.swift */; };
/* End PBXBuildFile section */

/* Begin PBXContainerItemProxy section */
		062937131D51178F00657927 /* PBXContainerItemProxy */ = {
			isa = PBXContainerItemProxy;
			containerPortal = 062936F41D51178F00657927 /* Project object */;
			proxyType = 1;
			remoteGlobalIDString = 062936FB1D51178F00657927;
			remoteInfo = moveez;
		};
		0629371E1D51178F00657927 /* PBXContainerItemProxy */ = {
			isa = PBXContainerItemProxy;
			containerPortal = 062936F41D51178F00657927 /* Project object */;
			proxyType = 1;
			remoteGlobalIDString = 062936FB1D51178F00657927;
			remoteInfo = moveez;
		};
/* End PBXContainerItemProxy section */

/* Begin PBXFileReference section */
		062936FC1D51178F00657927 /* moveez.app */ = {isa = PBXFileReference; explicitFileType = wrapper.application; includeInIndex = 0; path = moveez.app; sourceTree = BUILT_PRODUCTS_DIR; };
		062936FF1D51178F00657927 /* AppDelegate.swift */ = {isa = PBXFileReference; lastKnownFileType = sourcecode.swift; path = AppDelegate.swift; sourceTree = "<group>"; };
		062937011D51178F00657927 /* FirstViewController.swift */ = {isa = PBXFileReference; lastKnownFileType = sourcecode.swift; path = FirstViewController.swift; sourceTree = "<group>"; };
		062937031D51178F00657927 /* SecondViewController.swift */ = {isa = PBXFileReference; lastKnownFileType = sourcecode.swift; path = SecondViewController.swift; sourceTree = "<group>"; };
		062937061D51178F00657927 /* Base */ = {isa = PBXFileReference; lastKnownFileType = file.storyboard; name = Base; path = Base.lproj/Main.storyboard; sourceTree = "<group>"; };
		062937081D51178F00657927 /* Assets.xcassets */ = {isa = PBXFileReference; lastKnownFileType = folder.assetcatalog; path = Assets.xcassets; sourceTree = "<group>"; };
		0629370B1D51178F00657927 /* Base */ = {isa = PBXFileReference; lastKnownFileType = file.storyboard; name = Base; path = Base.lproj/LaunchScreen.storyboard; sourceTree = "<group>"; };
		0629370D1D51178F00657927 /* Info.plist */ = {isa = PBXFileReference; lastKnownFileType = text.plist.xml; path = Info.plist; sourceTree = "<group>"; };
		062937121D51178F00657927 /* moveezTests.xctest */ = {isa = PBXFileReference; explicitFileType = wrapper.cfbundle; includeInIndex = 0; path = moveezTests.xctest; sourceTree = BUILT_PRODUCTS_DIR; };
		062937161D51178F00657927 /* moveezTests.swift */ = {isa = PBXFileReference; lastKnownFileType = sourcecode.swift; path = moveezTests.swift; sourceTree = "<group>"; };
		062937181D51178F00657927 /* Info.plist */ = {isa = PBXFileReference; lastKnownFileType = text.plist.xml; path = Info.plist; sourceTree = "<group>"; };
		0629371D1D51178F00657927 /* moveezUITests.xctest */ = {isa = PBXFileReference; explicitFileType = wrapper.cfbundle; includeInIndex = 0; path = moveezUITests.xctest; sourceTree = BUILT_PRODUCTS_DIR; };
		062937211D51178F00657927 /* moveezUITests.swift */ = {isa = PBXFileReference; lastKnownFileType = sourcecode.swift; path = moveezUITests.swift; sourceTree = "<group>"; };
		062937231D51178F00657927 /* Info.plist */ = {isa = PBXFileReference; lastKnownFileType = text.plist.xml; path = Info.plist; sourceTree = "<group>"; };
/* End PBXFileReference section */

/* Begin PBXFrameworksBuildPhase section */
		062936F91D51178F00657927 /* Frameworks */ = {
			isa = PBXFrameworksBuildPhase;
			buildActionMask = 2147483647;
			files = (
			);
			runOnlyForDeploymentPostprocessing = 0;
		};
		0629370F1D51178F00657927 /* Frameworks */ = {
			isa = PBXFrameworksBuildPhase;
			buildActionMask = 2147483647;
			files = (
			);
			runOnlyForDeploymentPostprocessing = 0;
		};
		0629371A1D51178F00657927 /* Frameworks */ = {
			isa = PBXFrameworksBuildPhase;
			buildActionMask = 2147483647;
			files = (
			);
			runOnlyForDeploymentPostprocessing = 0;
		};
/* End PBXFrameworksBuildPhase section */

/* Begin PBXGroup section */
		062936F31D51178F00657927 = {
			isa = PBXGroup;
			children = (
				062936FE1D51178F00657927 /* moveez */,
				062937151D51178F00657927 /* moveezTests */,
				062937201D51178F00657927 /* moveezUITests */,
				062936FD1D51178F00657927 /* Products */,
			);
			sourceTree = "<group>";
		};
		062936FD1D51178F00657927 /* Products */ = {
			isa = PBXGroup;
			children = (
				062936FC1D51178F00657927 /* moveez.app */,
				062937121D51178F00657927 /* moveezTests.xctest */,
				0629371D1D51178F00657927 /* moveezUITests.xctest */,
			);
			name = Products;
			sourceTree = "<group>";
		};
		062936FE1D51178F00657927 /* moveez */ = {
			isa = PBXGroup;
			children = (
				062936FF1D51178F00657927 /* AppDelegate.swift */,
				062937011D51178F00657927 /* FirstViewController.swift */,
				062937031D51178F00657927 /* SecondViewController.swift */,
				062937051D51178F00657927 /* Main.storyboard */,
				062937081D51178F00657927 /* Assets.xcassets */,
				0629370A1D51178F00657927 /* LaunchScreen.storyboard */,
				0629370D1D51178F00657927 /* Info.plist */,
			);
			path = moveez;
			sourceTree = "<group>";
		};
		062937151D51178F00657927 /* moveezTests */ = {
			isa = PBXGroup;
			children = (
				062937161D51178F00657927 /* moveezTests.swift */,
				062937181D51178F00657927 /* Info.plist */,
			);
			path = moveezTests;
			sourceTree = "<group>";
		};
		062937201D51178F00657927 /* moveezUITests */ = {
			isa = PBXGroup;
			children = (
				062937211D51178F00657927 /* moveezUITests.swift */,
				062937231D51178F00657927 /* Info.plist */,
			);
			path = moveezUITests;
			sourceTree = "<group>";
		};
/* End PBXGroup section */

/* Begin PBXNativeTarget section */
		062936FB1D51178F00657927 /* moveez */ = {
			isa = PBXNativeTarget;
			buildConfigurationList = 062937261D51178F00657927 /* Build configuration list for PBXNativeTarget "moveez" */;
			buildPhases = (
				062936F81D51178F00657927 /* Sources */,
				062936F91D51178F00657927 /* Frameworks */,
				062936FA1D51178F00657927 /* Resources */,
			);
			buildRules = (
			);
			dependencies = (
			);
			name = moveez;
			productName = moveez;
			productReference = 062936FC1D51178F00657927 /* moveez.app */;
			productType = "com.apple.product-type.application";
		};
		062937111D51178F00657927 /* moveezTests */ = {
			isa = PBXNativeTarget;
			buildConfigurationList = 062937291D51178F00657927 /* Build configuration list for PBXNativeTarget "moveezTests" */;
			buildPhases = (
				0629370E1D51178F00657927 /* Sources */,
				0629370F1D51178F00657927 /* Frameworks */,
				062937101D51178F00657927 /* Resources */,
			);
			buildRules = (
			);
			dependencies = (
				062937141D51178F00657927 /* PBXTargetDependency */,
			);
			name = moveezTests;
			productName = moveezTests;
			productReference = 062937121D51178F00657927 /* moveezTests.xctest */;
			productType = "com.apple.product-type.bundle.unit-test";
		};
		0629371C1D51178F00657927 /* moveezUITests */ = {
			isa = PBXNativeTarget;
			buildConfigurationList = 0629372C1D51178F00657927 /* Build configuration list for PBXNativeTarget "moveezUITests" */;
			buildPhases = (
				062937191D51178F00657927 /* Sources */,
				0629371A1D51178F00657927 /* Frameworks */,
				0629371B1D51178F00657927 /* Resources */,
			);
			buildRules = (
			);
			dependencies = (
				0629371F1D51178F00657927 /* PBXTargetDependency */,
			);
			name = moveezUITests;
			productName = moveezUITests;
			productReference = 0629371D1D51178F00657927 /* moveezUITests.xctest */;
			productType = "com.apple.product-type.bundle.ui-testing";
		};
/* End PBXNativeTarget section */

/* Begin PBXProject section */
		062936F41D51178F00657927 /* Project object */ = {
			isa = PBXProject;
			attributes = {
				LastSwiftUpdateCheck = 0730;
				LastUpgradeCheck = 0730;
				ORGANIZATIONNAME = "Steve Lohr";
				TargetAttributes = {
					062936FB1D51178F00657927 = {
						CreatedOnToolsVersion = 7.3.1;
					};
					062937111D51178F00657927 = {
						CreatedOnToolsVersion = 7.3.1;
						TestTargetID = 062936FB1D51178F00657927;
					};
					0629371C1D51178F00657927 = {
						CreatedOnToolsVersion = 7.3.1;
						TestTargetID = 062936FB1D51178F00657927;
					};
				};
			};
			buildConfigurationList = 062936F71D51178F00657927 /* Build configuration list for PBXProject "moveez" */;
			compatibilityVersion = "Xcode 3.2";
			developmentRegion = English;
			hasScannedForEncodings = 0;
			knownRegions = (
				en,
				Base,
			);
			mainGroup = 062936F31D51178F00657927;
			productRefGroup = 062936FD1D51178F00657927 /* Products */;
			projectDirPath = "";
			projectRoot = "";
			targets = (
				062936FB1D51178F00657927 /* moveez */,
				062937111D51178F00657927 /* moveezTests */,
				0629371C1D51178F00657927 /* moveezUITests */,
			);
		};
/* End PBXProject section */

/* Begin PBXResourcesBuildPhase section */
		062936FA1D51178F00657927 /* Resources */ = {
			isa = PBXResourcesBuildPhase;
			buildActionMask = 2147483647;
			files = (
				0629370C1D51178F00657927 /* LaunchScreen.storyboard in Resources */,
				062937091D51178F00657927 /* Assets.xcassets in Resources */,
				062937071D51178F00657927 /* Main.storyboard in Resources */,
			);
			runOnlyForDeploymentPostprocessing = 0;
		};
		062937101D51178F00657927 /* Resources */ = {
			isa = PBXResourcesBuildPhase;
			buildActionMask = 2147483647;
			files = (
			);
			runOnlyForDeploymentPostprocessing = 0;
		};
		0629371B1D51178F00657927 /* Resources */ = {
			isa = PBXResourcesBuildPhase;
			buildActionMask = 2147483647;
			files = (
			);
			runOnlyForDeploymentPostprocessing = 0;
		};
/* End PBXResourcesBuildPhase section */

/* Begin PBXSourcesBuildPhase section */
		062936F81D51178F00657927 /* Sources */ = {
			isa = PBXSourcesBuildPhase;
			buildActionMask = 2147483647;
			files = (
				062937041D51178F00657927 /* SecondViewController.swift in Sources */,
				062937001D51178F00657927 /* AppDelegate.swift in Sources */,
				062937021D51178F00657927 /* FirstViewController.swift in Sources */,
			);
			runOnlyForDeploymentPostprocessing = 0;
		};
		0629370E1D51178F00657927 /* Sources */ = {
			isa = PBXSourcesBuildPhase;
			buildActionMask = 2147483647;
			files = (
				062937171D51178F00657927 /* moveezTests.swift in Sources */,
			);
			runOnlyForDeploymentPostprocessing = 0;
		};
		062937191D51178F00657927 /* Sources */ = {
			isa = PBXSourcesBuildPhase;
			buildActionMask = 2147483647;
			files = (
				062937221D51178F00657927 /* moveezUITests.swift in Sources */,
			);
			runOnlyForDeploymentPostprocessing = 0;
		};
/* End PBXSourcesBuildPhase section */

/* Begin PBXTargetDependency section */
		062937141D51178F00657927 /* PBXTargetDependency */ = {
			isa = PBXTargetDependency;
			target = 062936FB1D51178F00657927 /* moveez */;
			targetProxy = 062937131D51178F00657927 /* PBXContainerItemProxy */;
		};
		0629371F1D51178F00657927 /* PBXTargetDependency */ = {
			isa = PBXTargetDependency;
			target = 062936FB1D51178F00657927 /* moveez */;
			targetProxy = 0629371E1D51178F00657927 /* PBXContainerItemProxy */;
		};
/* End PBXTargetDependency section */

/* Begin PBXVariantGroup section */
		062937051D51178F00657927 /* Main.storyboard */ = {
			isa = PBXVariantGroup;
			children = (
				062937061D51178F00657927 /* Base */,
			);
			name = Main.storyboard;
			sourceTree = "<group>";
		};
		0629370A1D51178F00657927 /* LaunchScreen.storyboard */ = {
			isa = PBXVariantGroup;
			children = (
				0629370B1D51178F00657927 /* Base */,
			);
			name = LaunchScreen.storyboard;
			sourceTree = "<group>";
		};
/* End PBXVariantGroup section */

/* Begin XCBuildConfiguration section */
		062937241D51178F00657927 /* Debug */ = {
			isa = XCBuildConfiguration;
			buildSettings = {
				ALWAYS_SEARCH_USER_PATHS = NO;
				CLANG_ANALYZER_NONNULL = YES;
				CLANG_CXX_LANGUAGE_STANDARD = "gnu++0x";
				CLANG_CXX_LIBRARY = "libc++";
				CLANG_ENABLE_MODULES = YES;
				CLANG_ENABLE_OBJC_ARC = YES;
				CLANG_WARN_BOOL_CONVERSION = YES;
				CLANG_WARN_CONSTANT_CONVERSION = YES;
				CLANG_WARN_DIRECT_OBJC_ISA_USAGE = YES_ERROR;
				CLANG_WARN_EMPTY_BODY = YES;
				CLANG_WARN_ENUM_CONVERSION = YES;
				CLANG_WARN_INT_CONVERSION = YES;
				CLANG_WARN_OBJC_ROOT_CLASS = YES_ERROR;
				CLANG_WARN_UNREACHABLE_CODE = YES;
				CLANG_WARN__DUPLICATE_METHOD_MATCH = YES;
				"CODE_SIGN_IDENTITY[sdk=iphoneos*]" = "iPhone Developer";
				COPY_PHASE_STRIP = NO;
				DEBUG_INFORMATION_FORMAT = dwarf;
				ENABLE_STRICT_OBJC_MSGSEND = YES;
				ENABLE_TESTABILITY = YES;
				GCC_C_LANGUAGE_STANDARD = gnu99;
				GCC_DYNAMIC_NO_PIC = NO;
				GCC_NO_COMMON_BLOCKS = YES;
				GCC_OPTIMIZATION_LEVEL = 0;
				GCC_PREPROCESSOR_DEFINITIONS = (
					"DEBUG=1",
					"$(inherited)",
				);
				GCC_WARN_64_TO_32_BIT_CONVERSION = YES;
				GCC_WARN_ABOUT_RETURN_TYPE = YES_ERROR;
				GCC_WARN_UNDECLARED_SELECTOR = YES;
				GCC_WARN_UNINITIALIZED_AUTOS = YES_AGGRESSIVE;
				GCC_WARN_UNUSED_FUNCTION = YES;
				GCC_WARN_UNUSED_VARIABLE = YES;
				IPHONEOS_DEPLOYMENT_TARGET = 9.3;
				MTL_ENABLE_DEBUG_INFO = YES;
				ONLY_ACTIVE_ARCH = YES;
				SDKROOT = iphoneos;
				SWIFT_OPTIMIZATION_LEVEL = "-Onone";
			};
			name = Debug;
		};
		062937251D51178F00657927 /* Release */ = {
			isa = XCBuildConfiguration;
			buildSettings = {
				ALWAYS_SEARCH_USER_PATHS = NO;
				CLANG_ANALYZER_NONNULL = YES;
				CLANG_CXX_LANGUAGE_STANDARD = "gnu++0x";
				CLANG_CXX_LIBRARY = "libc++";
				CLANG_ENABLE_MODULES = YES;
				CLANG_ENABLE_OBJC_ARC = YES;
				CLANG_WARN_BOOL_CONVERSION = YES;
				CLANG_WARN_CONSTANT_CONVERSION = YES;
				CLANG_WARN_DIRECT_OBJC_ISA_USAGE = YES_ERROR;
				CLANG_WARN_EMPTY_BODY = YES;
				CLANG_WARN_ENUM_CONVERSION = YES;
				CLANG_WARN_INT_CONVERSION = YES;
				CLANG_WARN_OBJC_ROOT_CLASS = YES_ERROR;
				CLANG_WARN_UNREACHABLE_CODE = YES;
				CLANG_WARN__DUPLICATE_METHOD_MATCH = YES;
				"CODE_SIGN_IDENTITY[sdk=iphoneos*]" = "iPhone Developer";
				COPY_PHASE_STRIP = NO;
				DEBUG_INFORMATION_FORMAT = "dwarf-with-dsym";
				ENABLE_NS_ASSERTIONS = NO;
				ENABLE_STRICT_OBJC_MSGSEND = YES;
				GCC_C_LANGUAGE_STANDARD = gnu99;
				GCC_NO_COMMON_BLOCKS = YES;
				GCC_WARN_64_TO_32_BIT_CONVERSION = YES;
				GCC_WARN_ABOUT_RETURN_TYPE = YES_ERROR;
				GCC_WARN_UNDECLARED_SELECTOR = YES;
				GCC_WARN_UNINITIALIZED_AUTOS = YES_AGGRESSIVE;
				GCC_WARN_UNUSED_FUNCTION = YES;
				GCC_WARN_UNUSED_VARIABLE = YES;
				IPHONEOS_DEPLOYMENT_TARGET = 9.3;
				MTL_ENABLE_DEBUG_INFO = NO;
				SDKROOT = iphoneos;
				VALIDATE_PRODUCT = YES;
			};
			name = Release;
		};
		062937271D51178F00657927 /* Debug */ = {
			isa = XCBuildConfiguration;
			buildSettings = {
				ASSETCATALOG_COMPILER_APPICON_NAME = AppIcon;
				INFOPLIST_FILE = moveez/Info.plist;
				LD_RUNPATH_SEARCH_PATHS = "$(inherited) @executable_path/Frameworks";
				PRODUCT_BUNDLE_IDENTIFIER = slaw.moveez;
				PRODUCT_NAME = "$(TARGET_NAME)";
			};
			name = Debug;
		};
		062937281D51178F00657927 /* Release */ = {
			isa = XCBuildConfiguration;
			buildSettings = {
				ASSETCATALOG_COMPILER_APPICON_NAME = AppIcon;
				INFOPLIST_FILE = moveez/Info.plist;
				LD_RUNPATH_SEARCH_PATHS = "$(inherited) @executable_path/Frameworks";
				PRODUCT_BUNDLE_IDENTIFIER = slaw.moveez;
				PRODUCT_NAME = "$(TARGET_NAME)";
			};
			name = Release;
		};
		0629372A1D51178F00657927 /* Debug */ = {
			isa = XCBuildConfiguration;
			buildSettings = {
				BUNDLE_LOADER = "$(TEST_HOST)";
				INFOPLIST_FILE = moveezTests/Info.plist;
				LD_RUNPATH_SEARCH_PATHS = "$(inherited) @executable_path/Frameworks @loader_path/Frameworks";
				PRODUCT_BUNDLE_IDENTIFIER = slaw.moveezTests;
				PRODUCT_NAME = "$(TARGET_NAME)";
				TEST_HOST = "$(BUILT_PRODUCTS_DIR)/moveez.app/moveez";
			};
			name = Debug;
		};
		0629372B1D51178F00657927 /* Release */ = {
			isa = XCBuildConfiguration;
			buildSettings = {
				BUNDLE_LOADER = "$(TEST_HOST)";
				INFOPLIST_FILE = moveezTests/Info.plist;
				LD_RUNPATH_SEARCH_PATHS = "$(inherited) @executable_path/Frameworks @loader_path/Frameworks";
				PRODUCT_BUNDLE_IDENTIFIER = slaw.moveezTests;
				PRODUCT_NAME = "$(TARGET_NAME)";
				TEST_HOST = "$(BUILT_PRODUCTS_DIR)/moveez.app/moveez";
			};
			name = Release;
		};
		0629372D1D51178F00657927 /* Debug */ = {
			isa = XCBuildConfiguration;
			buildSettings = {
				INFOPLIST_FILE = moveezUITests/Info.plist;
				LD_RUNPATH_SEARCH_PATHS = "$(inherited) @executable_path/Frameworks @loader_path/Frameworks";
				PRODUCT_BUNDLE_IDENTIFIER = slaw.moveezUITests;
				PRODUCT_NAME = "$(TARGET_NAME)";
				TEST_TARGET_NAME = moveez;
			};
			name = Debug;
		};
		0629372E1D51178F00657927 /* Release */ = {
			isa = XCBuildConfiguration;
			buildSettings = {
				INFOPLIST_FILE = moveezUITests/Info.plist;
				LD_RUNPATH_SEARCH_PATHS = "$(inherited) @executable_path/Frameworks @loader_path/Frameworks";
				PRODUCT_BUNDLE_IDENTIFIER = slaw.moveezUITests;
				PRODUCT_NAME = "$(TARGET_NAME)";
				TEST_TARGET_NAME = moveez;
			};
			name = Release;
		};
/* End XCBuildConfiguration section */

/* Begin XCConfigurationList section */
		062936F71D51178F00657927 /* Build configuration list for PBXProject "moveez" */ = {
			isa = XCConfigurationList;
			buildConfigurations = (
				062937241D51178F00657927 /* Debug */,
				062937251D51178F00657927 /* Release */,
			);
			defaultConfigurationIsVisible = 0;
			defaultConfigurationName = Release;
		};
		062937261D51178F00657927 /* Build configuration list for PBXNativeTarget "moveez" */ = {
			isa = XCConfigurationList;
			buildConfigurations = (
				062937271D51178F00657927 /* Debug */,
				062937281D51178F00657927 /* Release */,
			);
			defaultConfigurationIsVisible = 0;
		};
		062937291D51178F00657927 /* Build configuration list for PBXNativeTarget "moveezTests" */ = {
			isa = XCConfigurationList;
			buildConfigurations = (
				0629372A1D51178F00657927 /* Debug */,
				0629372B1D51178F00657927 /* Release */,
			);
			defaultConfigurationIsVisible = 0;
		};
		0629372C1D51178F00657927 /* Build configuration list for PBXNativeTarget "moveezUITests" */ = {
			isa = XCConfigurationList;
			buildConfigurations = (
				0629372D1D51178F00657927 /* Debug */,
				0629372E1D51178F00657927 /* Release */,
			);
			defaultConfigurationIsVisible = 0;
		};
/* End XCConfigurationList section */
	};
	rootObject = 062936F41D51178F00657927 /* Project object */;
}
